
Microsoft Visual Studio Solution File, Format Version 9.00
# Visual Studio 2005
Project("{8BC9CEB8-8B4A-11D0-8D11-00A0C91BC942}") = "EffectLib", ".\eter2\EffectLib\EffectLib_VC80.vcproj", "{0A895CAA-197B-4B86-881D-7A8189656CFF}"
EndProject
Project("{8BC9CEB8-8B4A-11D0-8D11-00A0C91BC942}") = "EterPack", ".\eter2\EterPack\EterPack_VC80.vcproj", "{E0A095AE-4F11-4A37-ACC2-AB83CC23B6CA}"
EndProject
Project("{8BC9CEB8-8B4A-11D0-8D11-00A0C91BC942}") = "PRTerrainLib", ".\eter2\PRTerrainLib\PRTerrainLib_VC80.vcproj", "{CE9D3C9C-F5C8-40FB-B8D6-1A9443C19FB4}"
EndProject
Project("{8BC9CEB8-8B4A-11D0-8D11-00A0C91BC942}") = "SpeedTreeLib", ".\eter2\SpeedTreeLib\SpeedTreeLib_VC80.vcproj", "{F25D38EF-266F-4F9E-B980-B6074DB2F7D5}"
EndProject
Project("{8BC9CEB8-8B4A-11D0-8D11-00A0C91BC942}") = "SphereLib", ".\eter2\SphereLib\SphereLib_VC80.vcproj", "{E9036EB9-E66B-4928-BCAB-660D57845002}"
EndProject
Project("{8BC9CEB8-8B4A-11D0-8D11-00A0C91BC942}") = "WorldEditor", ".\WorldEditor\WorldEditor_VC80.vcproj", "{9E3A6B41-E8CD-420F-B51F-F08810E3AC5E}"
	ProjectSection(ProjectDependencies) = postProject
		{44FBC0AE-611B-455E-8A07-FF9943F1267E} = {44FBC0AE-611B-455E-8A07-FF9943F1267E}
		{0A895CAA-197B-4B86-881D-7A8189656CFF} = {0A895CAA-197B-4B86-881D-7A8189656CFF}
		{E9036EB9-E66B-4928-BCAB-660D57845002} = {E9036EB9-E66B-4928-BCAB-660D57845002}
		{4050E6C7-12C1-40FE-899A-FAA560BCDE82} = {4050E6C7-12C1-40FE-899A-FAA560BCDE82}
		{F9D67315-4B43-45A0-9992-374887E72F12} = {F9D67315-4B43-45A0-9992-374887E72F12}
		{C25C9607-5674-44BB-AF8A-37B5A2604ADC} = {C25C9607-5674-44BB-AF8A-37B5A2604ADC}
		{6CEEE261-005C-4027-A902-5505A964F0B0} = {6CEEE261-005C-4027-A902-5505A964F0B0}
		{E0A095AE-4F11-4A37-ACC2-AB83CC23B6CA} = {E0A095AE-4F11-4A37-ACC2-AB83CC23B6CA}
		{F8E0EAB7-CF1E-40FF-8A8C-8C1558952C11} = {F8E0EAB7-CF1E-40FF-8A8C-8C1558952C11}
		{30FF3A91-EDDC-4308-BFD8-1ABE09D267C0} = {30FF3A91-EDDC-4308-BFD8-1ABE09D267C0}
		{CE9D3C9C-F5C8-40FB-B8D6-1A9443C19FB4} = {CE9D3C9C-F5C8-40FB-B8D6-1A9443C19FB4}
		{F25D38EF-266F-4F9E-B980-B6074DB2F7D5} = {F25D38EF-266F-4F9E-B980-B6074DB2F7D5}
	EndProjectSection
EndProject
Project("{8BC9CEB8-8B4A-11D0-8D11-00A0C91BC942}") = "eterBase", ".\eter2\EterBase\eterBase_VC80.vcproj", "{4050E6C7-12C1-40FE-899A-FAA560BCDE82}"
EndProject
Project("{8BC9CEB8-8B4A-11D0-8D11-00A0C91BC942}") = "eterGrnLib", ".\eter2\EterGrnLib\eterGrnLib_VC80.vcproj", "{F9D67315-4B43-45A0-9992-374887E72F12}"
EndProject
Project("{8BC9CEB8-8B4A-11D0-8D11-00A0C91BC942}") = "eterImageLib", ".\eter2\EterImageLib\eterImageLib_VC80.vcproj", "{C25C9607-5674-44BB-AF8A-37B5A2604ADC}"
EndProject
Project("{8BC9CEB8-8B4A-11D0-8D11-00A0C91BC942}") = "eterlib", ".\eter2\EterLib\eterlib_VC80.vcproj", "{6CEEE261-005C-4027-A902-5505A964F0B0}"
EndProject
Project("{8BC9CEB8-8B4A-11D0-8D11-00A0C91BC942}") = "gamelib", ".\eter2\GameLib\gamelib_VC80.vcproj", "{F8E0EAB7-CF1E-40FF-8A8C-8C1558952C11}"
EndProject
Project("{8BC9CEB8-8B4A-11D0-8D11-00A0C91BC942}") = "mileslib", ".\eter2\MilesLib\mileslib_VC80.vcproj", "{30FF3A91-EDDC-4308-BFD8-1ABE09D267C0}"
EndProject
Project("{8BC9CEB8-8B4A-11D0-8D11-00A0C91BC942}") = "scriptLib", ".\eter2\ScriptLib\scriptLib_VC80.vcproj", "{44FBC0AE-611B-455E-8A07-FF9943F1267E}"
EndProject
Global
	GlobalSection(SolutionConfigurationPlatforms) = preSolution
		Debug|Win32 = Debug|Win32
		Distribute|Win32 = Distribute|Win32
		MfcDebug|Win32 = MfcDebug|Win32
		MfcRelease|Win32 = MfcRelease|Win32
		Release|Win32 = Release|Win32
		VTune|Win32 = VTune|Win32
	EndGlobalSection
	GlobalSection(ProjectConfigurationPlatforms) = postSolution
		{0A895CAA-197B-4B86-881D-7A8189656CFF}.Debug|Win32.ActiveCfg = Debug|Win32
		{0A895CAA-197B-4B86-881D-7A8189656CFF}.Debug|Win32.Build.0 = Debug|Win32
		{0A895CAA-197B-4B86-881D-7A8189656CFF}.Distribute|Win32.ActiveCfg = Distribute|Win32
		{0A895CAA-197B-4B86-881D-7A8189656CFF}.Distribute|Win32.Build.0 = Distribute|Win32
		{0A895CAA-197B-4B86-881D-7A8189656CFF}.MfcDebug|Win32.ActiveCfg = MfcDebug|Win32
		{0A895CAA-197B-4B86-881D-7A8189656CFF}.MfcDebug|Win32.Build.0 = MfcDebug|Win32
		{0A895CAA-197B-4B86-881D-7A8189656CFF}.MfcRelease|Win32.ActiveCfg = MfcRelease|Win32
		{0A895CAA-197B-4B86-881D-7A8189656CFF}.MfcRelease|Win32.Build.0 = MfcRelease|Win32
		{0A895CAA-197B-4B86-881D-7A8189656CFF}.Release|Win32.ActiveCfg = Release|Win32
		{0A895CAA-197B-4B86-881D-7A8189656CFF}.Release|Win32.Build.0 = Release|Win32
		{0A895CAA-197B-4B86-881D-7A8189656CFF}.VTune|Win32.ActiveCfg = VTune|Win32
		{0A895CAA-197B-4B86-881D-7A8189656CFF}.VTune|Win32.Build.0 = VTune|Win32
		{E0A095AE-4F11-4A37-ACC2-AB83CC23B6CA}.Debug|Win32.ActiveCfg = Debug|Win32
		{E0A095AE-4F11-4A37-ACC2-AB83CC23B6CA}.Debug|Win32.Build.0 = Debug|Win32
		{E0A095AE-4F11-4A37-ACC2-AB83CC23B6CA}.Distribute|Win32.ActiveCfg = Distribute|Win32
		{E0A095AE-4F11-4A37-ACC2-AB83CC23B6CA}.Distribute|Win32.Build.0 = Distribute|Win32
		{E0A095AE-4F11-4A37-ACC2-AB83CC23B6CA}.MfcDebug|Win32.ActiveCfg = MfcDebug|Win32
		{E0A095AE-4F11-4A37-ACC2-AB83CC23B6CA}.MfcDebug|Win32.Build.0 = MfcDebug|Win32
		{E0A095AE-4F11-4A37-ACC2-AB83CC23B6CA}.MfcRelease|Win32.ActiveCfg = MfcRelease|Win32
		{E0A095AE-4F11-4A37-ACC2-AB83CC23B6CA}.MfcRelease|Win32.Build.0 = MfcRelease|Win32
		{E0A095AE-4F11-4A37-ACC2-AB83CC23B6CA}.Release|Win32.ActiveCfg = Release|Win32
		{E0A095AE-4F11-4A37-ACC2-AB83CC23B6CA}.Release|Win32.Build.0 = Release|Win32
		{E0A095AE-4F11-4A37-ACC2-AB83CC23B6CA}.VTune|Win32.ActiveCfg = VTune|Win32
		{E0A095AE-4F11-4A37-ACC2-AB83CC23B6CA}.VTune|Win32.Build.0 = VTune|Win32
		{CE9D3C9C-F5C8-40FB-B8D6-1A9443C19FB4}.Debug|Win32.ActiveCfg = Debug|Win32
		{CE9D3C9C-F5C8-40FB-B8D6-1A9443C19FB4}.Debug|Win32.Build.0 = Debug|Win32
		{CE9D3C9C-F5C8-40FB-B8D6-1A9443C19FB4}.Distribute|Win32.ActiveCfg = Distribute|Win32
		{CE9D3C9C-F5C8-40FB-B8D6-1A9443C19FB4}.Distribute|Win32.Build.0 = Distribute|Win32
		{CE9D3C9C-F5C8-40FB-B8D6-1A9443C19FB4}.MfcDebug|Win32.ActiveCfg = MfcDebug|Win32
		{CE9D3C9C-F5C8-40FB-B8D6-1A9443C19FB4}.MfcDebug|Win32.Build.0 = MfcDebug|Win32
		{CE9D3C9C-F5C8-40FB-B8D6-1A9443C19FB4}.MfcRelease|Win32.ActiveCfg = MfcRelease|Win32
		{CE9D3C9C-F5C8-40FB-B8D6-1A9443C19FB4}.MfcRelease|Win32.Build.0 = MfcRelease|Win32
		{CE9D3C9C-F5C8-40FB-B8D6-1A9443C19FB4}.Release|Win32.ActiveCfg = Release|Win32
		{CE9D3C9C-F5C8-40FB-B8D6-1A9443C19FB4}.Release|Win32.Build.0 = Release|Win32
		{CE9D3C9C-F5C8-40FB-B8D6-1A9443C19FB4}.VTune|Win32.ActiveCfg = VTune|Win32
		{CE9D3C9C-F5C8-40FB-B8D6-1A9443C19FB4}.VTune|Win32.Build.0 = VTune|Win32
		{F25D38EF-266F-4F9E-B980-B6074DB2F7D5}.Debug|Win32.ActiveCfg = Debug|Win32
		{F25D38EF-266F-4F9E-B980-B6074DB2F7D5}.Debug|Win32.Build.0 = Debug|Win32
		{F25D38EF-266F-4F9E-B980-B6074DB2F7D5}.Distribute|Win32.ActiveCfg = Distribute|Win32
		{F25D38EF-266F-4F9E-B980-B6074DB2F7D5}.Distribute|Win32.Build.0 = Distribute|Win32
		{F25D38EF-266F-4F9E-B980-B6074DB2F7D5}.MfcDebug|Win32.ActiveCfg = MfcDebug|Win32
		{F25D38EF-266F-4F9E-B980-B6074DB2F7D5}.MfcDebug|Win32.Build.0 = MfcDebug|Win32
		{F25D38EF-266F-4F9E-B980-B6074DB2F7D5}.MfcRelease|Win32.ActiveCfg = MfcRelease|Win32
		{F25D38EF-266F-4F9E-B980-B6074DB2F7D5}.MfcRelease|Win32.Build.0 = MfcRelease|Win32
		{F25D38EF-266F-4F9E-B980-B6074DB2F7D5}.Release|Win32.ActiveCfg = Release|Win32
		{F25D38EF-266F-4F9E-B980-B6074DB2F7D5}.Release|Win32.Build.0 = Release|Win32
		{F25D38EF-266F-4F9E-B980-B6074DB2F7D5}.VTune|Win32.ActiveCfg = VTune|Win32
		{F25D38EF-266F-4F9E-B980-B6074DB2F7D5}.VTune|Win32.Build.0 = VTune|Win32
		{E9036EB9-E66B-4928-BCAB-660D57845002}.Debug|Win32.ActiveCfg = Debug|Win32
		{E9036EB9-E66B-4928-BCAB-660D57845002}.Debug|Win32.Build.0 = Debug|Win32
		{E9036EB9-E66B-4928-BCAB-660D57845002}.Distribute|Win32.ActiveCfg = Distribute|Win32
		{E9036EB9-E66B-4928-BCAB-660D57845002}.Distribute|Win32.Build.0 = Distribute|Win32
		{E9036EB9-E66B-4928-BCAB-660D57845002}.MfcDebug|Win32.ActiveCfg = MfcDebug|Win32
		{E9036EB9-E66B-4928-BCAB-660D57845002}.MfcDebug|Win32.Build.0 = MfcDebug|Win32
		{E9036EB9-E66B-4928-BCAB-660D57845002}.MfcRelease|Win32.ActiveCfg = MfcRelease|Win32
		{E9036EB9-E66B-4928-BCAB-660D57845002}.MfcRelease|Win32.Build.0 = MfcRelease|Win32
		{E9036EB9-E66B-4928-BCAB-660D57845002}.Release|Win32.ActiveCfg = Release|Win32
		{E9036EB9-E66B-4928-BCAB-660D57845002}.Release|Win32.Build.0 = Release|Win32
		{E9036EB9-E66B-4928-BCAB-660D57845002}.VTune|Win32.ActiveCfg = VTune|Win32
		{E9036EB9-E66B-4928-BCAB-660D57845002}.VTune|Win32.Build.0 = VTune|Win32
		{9E3A6B41-E8CD-420F-B51F-F08810E3AC5E}.Debug|Win32.ActiveCfg = MfcDebug|Win32
		{9E3A6B41-E8CD-420F-B51F-F08810E3AC5E}.Debug|Win32.Build.0 = MfcDebug|Win32
		{9E3A6B41-E8CD-420F-B51F-F08810E3AC5E}.Distribute|Win32.ActiveCfg = MfcDebug|Win32
		{9E3A6B41-E8CD-420F-B51F-F08810E3AC5E}.Distribute|Win32.Build.0 = MfcDebug|Win32
		{9E3A6B41-E8CD-420F-B51F-F08810E3AC5E}.MfcDebug|Win32.ActiveCfg = MfcDebug|Win32
		{9E3A6B41-E8CD-420F-B51F-F08810E3AC5E}.MfcDebug|Win32.Build.0 = MfcDebug|Win32
		{9E3A6B41-E8CD-420F-B51F-F08810E3AC5E}.MfcRelease|Win32.ActiveCfg = MfcRelease|Win32
		{9E3A6B41-E8CD-420F-B51F-F08810E3AC5E}.MfcRelease|Win32.Build.0 = MfcRelease|Win32
		{9E3A6B41-E8CD-420F-B51F-F08810E3AC5E}.Release|Win32.ActiveCfg = MfcRelease|Win32
		{9E3A6B41-E8CD-420F-B51F-F08810E3AC5E}.Release|Win32.Build.0 = MfcRelease|Win32
		{9E3A6B41-E8CD-420F-B51F-F08810E3AC5E}.VTune|Win32.ActiveCfg = MfcDebug|Win32
		{9E3A6B41-E8CD-420F-B51F-F08810E3AC5E}.VTune|Win32.Build.0 = MfcDebug|Win32
		{4050E6C7-12C1-40FE-899A-FAA560BCDE82}.Debug|Win32.ActiveCfg = Debug|Win32
		{4050E6C7-12C1-40FE-899A-FAA560BCDE82}.Debug|Win32.Build.0 = Debug|Win32
		{4050E6C7-12C1-40FE-899A-FAA560BCDE82}.Distribute|Win32.ActiveCfg = Distribute|Win32
		{4050E6C7-12C1-40FE-899A-FAA560BCDE82}.Distribute|Win32.Build.0 = Distribute|Win32
		{4050E6C7-12C1-40FE-899A-FAA560BCDE82}.MfcDebug|Win32.ActiveCfg = MfcDebug|Win32
		{4050E6C7-12C1-40FE-899A-FAA560BCDE82}.MfcDebug|Win32.Build.0 = MfcDebug|Win32
		{4050E6C7-12C1-40FE-899A-FAA560BCDE82}.MfcRelease|Win32.ActiveCfg = MfcRelease|Win32
		{4050E6C7-12C1-40FE-899A-FAA560BCDE82}.MfcRelease|Win32.Build.0 = MfcRelease|Win32
		{4050E6C7-12C1-40FE-899A-FAA560BCDE82}.Release|Win32.ActiveCfg = Release|Win32
		{4050E6C7-12C1-40FE-899A-FAA560BCDE82}.Release|Win32.Build.0 = Release|Win32
		{4050E6C7-12C1-40FE-899A-FAA560BCDE82}.VTune|Win32.ActiveCfg = VTune|Win32
		{4050E6C7-12C1-40FE-899A-FAA560BCDE82}.VTune|Win32.Build.0 = VTune|Win32
		{F9D67315-4B43-45A0-9992-374887E72F12}.Debug|Win32.ActiveCfg = Debug|Win32
		{F9D67315-4B43-45A0-9992-374887E72F12}.Debug|Win32.Build.0 = Debug|Win32
		{F9D67315-4B43-45A0-9992-374887E72F12}.Distribute|Win32.ActiveCfg = Distribute|Win32
		{F9D67315-4B43-45A0-9992-374887E72F12}.Distribute|Win32.Build.0 = Distribute|Win32
		{F9D67315-4B43-45A0-9992-374887E72F12}.MfcDebug|Win32.ActiveCfg = MfcDebug|Win32
		{F9D67315-4B43-45A0-9992-374887E72F12}.MfcDebug|Win32.Build.0 = MfcDebug|Win32
		{F9D67315-4B43-45A0-9992-374887E72F12}.MfcRelease|Win32.ActiveCfg = MfcRelease|Win32
		{F9D67315-4B43-45A0-9992-374887E72F12}.MfcRelease|Win32.Build.0 = MfcRelease|Win32
		{F9D67315-4B43-45A0-9992-374887E72F12}.Release|Win32.ActiveCfg = Release|Win32
		{F9D67315-4B43-45A0-9992-374887E72F12}.Release|Win32.Build.0 = Release|Win32
		{F9D67315-4B43-45A0-9992-374887E72F12}.VTune|Win32.ActiveCfg = VTune|Win32
		{F9D67315-4B43-45A0-9992-374887E72F12}.VTune|Win32.Build.0 = VTune|Win32
		{C25C9607-5674-44BB-AF8A-37B5A2604ADC}.Debug|Win32.ActiveCfg = Debug|Win32
		{C25C9607-5674-44BB-AF8A-37B5A2604ADC}.Debug|Win32.Build.0 = Debug|Win32
		{C25C9607-5674-44BB-AF8A-37B5A2604ADC}.Distribute|Win32.ActiveCfg = Distribute|Win32
		{C25C9607-5674-44BB-AF8A-37B5A2604ADC}.Distribute|Win32.Build.0 = Distribute|Win32
		{C25C9607-5674-44BB-AF8A-37B5A2604ADC}.MfcDebug|Win32.ActiveCfg = MfcDebug|Win32
		{C25C9607-5674-44BB-AF8A-37B5A2604ADC}.MfcDebug|Win32.Build.0 = MfcDebug|Win32
		{C25C9607-5674-44BB-AF8A-37B5A2604ADC}.MfcRelease|Win32.ActiveCfg = MfcRelease|Win32
		{C25C9607-5674-44BB-AF8A-37B5A2604ADC}.MfcRelease|Win32.Build.0 = MfcRelease|Win32
		{C25C9607-5674-44BB-AF8A-37B5A2604ADC}.Release|Win32.ActiveCfg = Release|Win32
		{C25C9607-5674-44BB-AF8A-37B5A2604ADC}.Release|Win32.Build.0 = Release|Win32
		{C25C9607-5674-44BB-AF8A-37B5A2604ADC}.VTune|Win32.ActiveCfg = VTune|Win32
		{C25C9607-5674-44BB-AF8A-37B5A2604ADC}.VTune|Win32.Build.0 = VTune|Win32
		{6CEEE261-005C-4027-A902-5505A964F0B0}.Debug|Win32.ActiveCfg = Debug|Win32
		{6CEEE261-005C-4027-A902-5505A964F0B0}.Debug|Win32.Build.0 = Debug|Win32
		{6CEEE261-005C-4027-A902-5505A964F0B0}.Distribute|Win32.ActiveCfg = Distribute|Win32
		{6CEEE261-005C-4027-A902-5505A964F0B0}.Distribute|Win32.Build.0 = Distribute|Win32
		{6CEEE261-005C-4027-A902-5505A964F0B0}.MfcDebug|Win32.ActiveCfg = MfcDebug|Win32
		{6CEEE261-005C-4027-A902-5505A964F0B0}.MfcDebug|Win32.Build.0 = MfcDebug|Win32
		{6CEEE261-005C-4027-A902-5505A964F0B0}.MfcRelease|Win32.ActiveCfg = MfcRelease|Win32
		{6CEEE261-005C-4027-A902-5505A964F0B0}.MfcRelease|Win32.Build.0 = MfcRelease|Win32
		{6CEEE261-005C-4027-A902-5505A964F0B0}.Release|Win32.ActiveCfg = Release|Win32
		{6CEEE261-005C-4027-A902-5505A964F0B0}.Release|Win32.Build.0 = Release|Win32
		{6CEEE261-005C-4027-A902-5505A964F0B0}.VTune|Win32.ActiveCfg = VTune|Win32
		{6CEEE261-005C-4027-A902-5505A964F0B0}.VTune|Win32.Build.0 = VTune|Win32
		{F8E0EAB7-CF1E-40FF-8A8C-8C1558952C11}.Debug|Win32.ActiveCfg = Debug|Win32
		{F8E0EAB7-CF1E-40FF-8A8C-8C1558952C11}.Debug|Win32.Build.0 = Debug|Win32
		{F8E0EAB7-CF1E-40FF-8A8C-8C1558952C11}.Distribute|Win32.ActiveCfg = Distribute|Win32
		{F8E0EAB7-CF1E-40FF-8A8C-8C1558952C11}.Distribute|Win32.Build.0 = Distribute|Win32
		{F8E0EAB7-CF1E-40FF-8A8C-8C1558952C11}.MfcDebug|Win32.ActiveCfg = MfcDebug|Win32
		{F8E0EAB7-CF1E-40FF-8A8C-8C1558952C11}.MfcDebug|Win32.Build.0 = MfcDebug|Win32
		{F8E0EAB7-CF1E-40FF-8A8C-8C1558952C11}.MfcRelease|Win32.ActiveCfg = MfcRelease|Win32
		{F8E0EAB7-CF1E-40FF-8A8C-8C1558952C11}.MfcRelease|Win32.Build.0 = MfcRelease|Win32
		{F8E0EAB7-CF1E-40FF-8A8C-8C1558952C11}.Release|Win32.ActiveCfg = Release|Win32
		{F8E0EAB7-CF1E-40FF-8A8C-8C1558952C11}.Release|Win32.Build.0 = Release|Win32
		{F8E0EAB7-CF1E-40FF-8A8C-8C1558952C11}.VTune|Win32.ActiveCfg = VTune|Win32
		{F8E0EAB7-CF1E-40FF-8A8C-8C1558952C11}.VTune|Win32.Build.0 = VTune|Win32
		{30FF3A91-EDDC-4308-BFD8-1ABE09D267C0}.Debug|Win32.ActiveCfg = Debug|Win32
		{30FF3A91-EDDC-4308-BFD8-1ABE09D267C0}.Debug|Win32.Build.0 = Debug|Win32
		{30FF3A91-EDDC-4308-BFD8-1ABE09D267C0}.Distribute|Win32.ActiveCfg = Distribute|Win32
		{30FF3A91-EDDC-4308-BFD8-1ABE09D267C0}.Distribute|Win32.Build.0 = Distribute|Win32
		{30FF3A91-EDDC-4308-BFD8-1ABE09D267C0}.MfcDebug|Win32.ActiveCfg = MfcDebug|Win32
		{30FF3A91-EDDC-4308-BFD8-1ABE09D267C0}.MfcDebug|Win32.Build.0 = MfcDebug|Win32
		{30FF3A91-EDDC-4308-BFD8-1ABE09D267C0}.MfcRelease|Win32.ActiveCfg = MfcRelease|Win32
		{30FF3A91-EDDC-4308-BFD8-1ABE09D267C0}.MfcRelease|Win32.Build.0 = MfcRelease|Win32
		{30FF3A91-EDDC-4308-BFD8-1ABE09D267C0}.Release|Win32.ActiveCfg = Release|Win32
		{30FF3A91-EDDC-4308-BFD8-1ABE09D267C0}.Release|Win32.Build.0 = Release|Win32
		{30FF3A91-EDDC-4308-BFD8-1ABE09D267C0}.VTune|Win32.ActiveCfg = VTune|Win32
		{30FF3A91-EDDC-4308-BFD8-1ABE09D267C0}.VTune|Win32.Build.0 = VTune|Win32
		{44FBC0AE-611B-455E-8A07-FF9943F1267E}.Debug|Win32.ActiveCfg = Debug|Win32
		{44FBC0AE-611B-455E-8A07-FF9943F1267E}.Debug|Win32.Build.0 = Debug|Win32
		{44FBC0AE-611B-455E-8A07-FF9943F1267E}.Distribute|Win32.ActiveCfg = Distribute|Win32
		{44FBC0AE-611B-455E-8A07-FF9943F1267E}.Distribute|Win32.Build.0 = Distribute|Win32
		{44FBC0AE-611B-455E-8A07-FF9943F1267E}.MfcDebug|Win32.ActiveCfg = MfcDebug|Win32
		{44FBC0AE-611B-455E-8A07-FF9943F1267E}.MfcDebug|Win32.Build.0 = MfcDebug|Win32
		{44FBC0AE-611B-455E-8A07-FF9943F1267E}.MfcRelease|Win32.ActiveCfg = MfcRelease|Win32
		{44FBC0AE-611B-455E-8A07-FF9943F1267E}.MfcRelease|Win32.Build.0 = MfcRelease|Win32
		{44FBC0AE-611B-455E-8A07-FF9943F1267E}.Release|Win32.ActiveCfg = Release|Win32
		{44FBC0AE-611B-455E-8A07-FF9943F1267E}.Release|Win32.Build.0 = Release|Win32
		{44FBC0AE-611B-455E-8A07-FF9943F1267E}.VTune|Win32.ActiveCfg = VTune|Win32
		{44FBC0AE-611B-455E-8A07-FF9943F1267E}.VTune|Win32.Build.0 = VTune|Win32
	EndGlobalSection
	GlobalSection(SolutionProperties) = preSolution
		HideSolutionNode = FALSE
	EndGlobalSection
EndGlobal
